{
  "name": "blindSignature",
  "version": "1.0.0",
  "lockfileVersion": 1,
  "requires": true,
  "dependencies": {
    "browser-md5-file": {
      "version": "1.1.1",
      "resolved": "https://registry.nlark.com/browser-md5-file/download/browser-md5-file-1.1.1.tgz",
      "integrity": "sha1-JH1jUn9mLZZnrey+YYCLSWG5DcY=",
      "dev": true,
      "requires": {
        "spark-md5": "^2.0.2"
      }
    },
    "spark-md5": {
      "version": "2.0.2",
      "resolved": "https://registry.npm.taobao.org/spark-md5/download/spark-md5-2.0.2.tgz",
      "integrity": "sha1-N7djhHdjrn56zvLKUjPQHmSaeLc=",
      "dev": true
    }
  }
}
